
Microsoft Visual Studio Solution File, Format Version 12.00
# Visual Studio Version 16
VisualStudioVersion = 25.0.1706.8
MinimumVisualStudioVersion = 10.0.40219.1
Project("{FAE04EC0-301F-11D3-BF4B-00C04F79EFBC}") = "StackCollection", "StackCollection.csproj", "{D304EB21-1512-41F7-B063-C879CAE12C44}"
EndProject
Global
	GlobalSection(SolutionConfigurationPlatforms) = preSolution
		Debug|Any CPU = Debug|Any CPU
		Release|Any CPU = Release|Any CPU
	EndGlobalSection
	GlobalSection(ProjectConfigurationPlatforms) = postSolution
		{D304EB21-1512-41F7-B063-C879CAE12C44}.Debug|Any CPU.ActiveCfg = Debug|Any CPU
		{D304EB21-1512-41F7-B063-C879CAE12C44}.Debug|Any CPU.Build.0 = Debug|Any CPU
		{D304EB21-1512-41F7-B063-C879CAE12C44}.Release|Any CPU.ActiveCfg = Release|Any CPU
		{D304EB21-1512-41F7-B063-C879CAE12C44}.Release|Any CPU.Build.0 = Release|Any CPU
	EndGlobalSection
	GlobalSection(SolutionProperties) = preSolution
		HideSolutionNode = FALSE
	EndGlobalSection
	GlobalSection(ExtensibilityGlobals) = postSolution
		SolutionGuid = {6679FFD4-9A0F-4EC2-A810-AA10E3C3ABA5}
	EndGlobalSection
EndGlobal
